<?xml version="1.0" encoding="UTF-8"?>
<CodeBlocks_project_file>
	<FileVersion major="1" minor="6"/>
	<Project>
		<Option title="cpp_notes"/>
		<Option makefile_is_custom="1"/>
		<Option compiler="gcc"/>
		<Option virtualFolders="CMake Files\;CMake Files\tools\;"/>
		<Build>
			<Target title="all">
				<Option working_dir="/home/tusimple/CLionProjects/cpp_notes"/>
				<Option type="4"/>
				<MakeCommands>
					<Build command="/usr/bin/make -f &quot;/home/tusimple/CLionProjects/cpp_notes/Makefile&quot;  VERBOSE=1 all"/>
					<CompileFile command="/usr/bin/make -f &quot;/home/tusimple/CLionProjects/cpp_notes/Makefile&quot;  VERBOSE=1 &quot;$file&quot;"/>
					<Clean command="/usr/bin/make -f &quot;/home/tusimple/CLionProjects/cpp_notes/Makefile&quot;  VERBOSE=1 clean"/>
					<DistClean command="/usr/bin/make -f &quot;/home/tusimple/CLionProjects/cpp_notes/Makefile&quot;  VERBOSE=1 clean"/>
				</MakeCommands>
			</Target>
			<Target title="rebuild_cache">
				<Option working_dir="/home/tusimple/CLionProjects/cpp_notes"/>
				<Option type="4"/>
				<MakeCommands>
					<Build command="/usr/bin/make -f &quot;/home/tusimple/CLionProjects/cpp_notes/Makefile&quot;  VERBOSE=1 rebuild_cache"/>
					<CompileFile command="/usr/bin/make -f &quot;/home/tusimple/CLionProjects/cpp_notes/Makefile&quot;  VERBOSE=1 &quot;$file&quot;"/>
					<Clean command="/usr/bin/make -f &quot;/home/tusimple/CLionProjects/cpp_notes/Makefile&quot;  VERBOSE=1 clean"/>
					<DistClean command="/usr/bin/make -f &quot;/home/tusimple/CLionProjects/cpp_notes/Makefile&quot;  VERBOSE=1 clean"/>
				</MakeCommands>
			</Target>
			<Target title="edit_cache">
				<Option working_dir="/home/tusimple/CLionProjects/cpp_notes"/>
				<Option type="4"/>
				<MakeCommands>
					<Build command="/usr/bin/make -f &quot;/home/tusimple/CLionProjects/cpp_notes/Makefile&quot;  VERBOSE=1 edit_cache"/>
					<CompileFile command="/usr/bin/make -f &quot;/home/tusimple/CLionProjects/cpp_notes/Makefile&quot;  VERBOSE=1 &quot;$file&quot;"/>
					<Clean command="/usr/bin/make -f &quot;/home/tusimple/CLionProjects/cpp_notes/Makefile&quot;  VERBOSE=1 clean"/>
					<DistClean command="/usr/bin/make -f &quot;/home/tusimple/CLionProjects/cpp_notes/Makefile&quot;  VERBOSE=1 clean"/>
				</MakeCommands>
			</Target>
			<Target title="cpp_notes">
				<Option output="/home/tusimple/CLionProjects/cpp_notes/cpp_notes" prefix_auto="0" extension_auto="0"/>
				<Option working_dir="/home/tusimple/CLionProjects/cpp_notes"/>
				<Option object_output="./"/>
				<Option type="1"/>
				<Option compiler="gcc"/>
				<Compiler/>
				<MakeCommands>
					<Build command="/usr/bin/make -f &quot;/home/tusimple/CLionProjects/cpp_notes/Makefile&quot;  VERBOSE=1 cpp_notes"/>
					<CompileFile command="/usr/bin/make -f &quot;/home/tusimple/CLionProjects/cpp_notes/Makefile&quot;  VERBOSE=1 &quot;$file&quot;"/>
					<Clean command="/usr/bin/make -f &quot;/home/tusimple/CLionProjects/cpp_notes/Makefile&quot;  VERBOSE=1 clean"/>
					<DistClean command="/usr/bin/make -f &quot;/home/tusimple/CLionProjects/cpp_notes/Makefile&quot;  VERBOSE=1 clean"/>
				</MakeCommands>
			</Target>
			<Target title="cpp_notes/fast">
				<Option output="/home/tusimple/CLionProjects/cpp_notes/cpp_notes" prefix_auto="0" extension_auto="0"/>
				<Option working_dir="/home/tusimple/CLionProjects/cpp_notes"/>
				<Option object_output="./"/>
				<Option type="1"/>
				<Option compiler="gcc"/>
				<Compiler/>
				<MakeCommands>
					<Build command="/usr/bin/make -f &quot;/home/tusimple/CLionProjects/cpp_notes/Makefile&quot;  VERBOSE=1 cpp_notes/fast"/>
					<CompileFile command="/usr/bin/make -f &quot;/home/tusimple/CLionProjects/cpp_notes/Makefile&quot;  VERBOSE=1 &quot;$file&quot;"/>
					<Clean command="/usr/bin/make -f &quot;/home/tusimple/CLionProjects/cpp_notes/Makefile&quot;  VERBOSE=1 clean"/>
					<DistClean command="/usr/bin/make -f &quot;/home/tusimple/CLionProjects/cpp_notes/Makefile&quot;  VERBOSE=1 clean"/>
				</MakeCommands>
			</Target>
			<Target title="Tools">
				<Option output="/home/tusimple/CLionProjects/cpp_notes/tools/libTools.a" prefix_auto="0" extension_auto="0"/>
				<Option working_dir="/home/tusimple/CLionProjects/cpp_notes/tools"/>
				<Option object_output="./"/>
				<Option type="2"/>
				<Option compiler="gcc"/>
				<Compiler/>
				<MakeCommands>
					<Build command="/usr/bin/make -f &quot;/home/tusimple/CLionProjects/cpp_notes/tools/Makefile&quot;  VERBOSE=1 Tools"/>
					<CompileFile command="/usr/bin/make -f &quot;/home/tusimple/CLionProjects/cpp_notes/tools/Makefile&quot;  VERBOSE=1 &quot;$file&quot;"/>
					<Clean command="/usr/bin/make -f &quot;/home/tusimple/CLionProjects/cpp_notes/tools/Makefile&quot;  VERBOSE=1 clean"/>
					<DistClean command="/usr/bin/make -f &quot;/home/tusimple/CLionProjects/cpp_notes/tools/Makefile&quot;  VERBOSE=1 clean"/>
				</MakeCommands>
			</Target>
			<Target title="Tools/fast">
				<Option output="/home/tusimple/CLionProjects/cpp_notes/tools/libTools.a" prefix_auto="0" extension_auto="0"/>
				<Option working_dir="/home/tusimple/CLionProjects/cpp_notes/tools"/>
				<Option object_output="./"/>
				<Option type="2"/>
				<Option compiler="gcc"/>
				<Compiler/>
				<MakeCommands>
					<Build command="/usr/bin/make -f &quot;/home/tusimple/CLionProjects/cpp_notes/tools/Makefile&quot;  VERBOSE=1 Tools/fast"/>
					<CompileFile command="/usr/bin/make -f &quot;/home/tusimple/CLionProjects/cpp_notes/tools/Makefile&quot;  VERBOSE=1 &quot;$file&quot;"/>
					<Clean command="/usr/bin/make -f &quot;/home/tusimple/CLionProjects/cpp_notes/tools/Makefile&quot;  VERBOSE=1 clean"/>
					<DistClean command="/usr/bin/make -f &quot;/home/tusimple/CLionProjects/cpp_notes/tools/Makefile&quot;  VERBOSE=1 clean"/>
				</MakeCommands>
			</Target>
		</Build>
		<Unit filename="/home/tusimple/CLionProjects/cpp_notes/src/main.cpp">
			<Option target="cpp_notes"/>
		</Unit>
		<Unit filename="/home/tusimple/CLionProjects/cpp_notes/src/notes1_stl_types.cpp">
			<Option target="cpp_notes"/>
		</Unit>
		<Unit filename="/home/tusimple/CLionProjects/cpp_notes/src/notes2.cpp">
			<Option target="cpp_notes"/>
		</Unit>
		<Unit filename="/home/tusimple/CLionProjects/cpp_notes/src/notes3_iterator_search.cpp">
			<Option target="cpp_notes"/>
		</Unit>
		<Unit filename="/home/tusimple/CLionProjects/cpp_notes/src/notes4_lists.cpp">
			<Option target="cpp_notes"/>
		</Unit>
		<Unit filename="/home/tusimple/CLionProjects/cpp_notes/src/notes5_func_ptrs.cpp">
			<Option target="cpp_notes"/>
		</Unit>
		<Unit filename="/home/tusimple/CLionProjects/cpp_notes/tools/print.cpp">
			<Option target="Tools"/>
		</Unit>
		<Unit filename="/home/tusimple/CLionProjects/cpp_notes/tools/print.h">
			<Option target="Tools"/>
		</Unit>
		<Unit filename="/home/tusimple/CLionProjects/cpp_notes/CMakeLists.txt">
			<Option virtualFolder="CMake Files\"/>
		</Unit>
		<Unit filename="/home/tusimple/CLionProjects/cpp_notes/tools/CMakeLists.txt">
			<Option virtualFolder="CMake Files\tools\"/>
		</Unit>
	</Project>
</CodeBlocks_project_file>
